
Microsoft Visual Studio Solution File, Format Version 12.00
# Visual Studio Version 17
VisualStudioVersion = 17.7.34024.191
MinimumVisualStudioVersion = 10.0.40219.1
Project("{8BC9CEB8-8B4A-11D0-8D11-00A0C91BC942}") = "Dimension_Array", "Dimension_Array.vcxproj", "{63A4E181-61D3-4F9B-828C-9BEDDD909D22}"
EndProject
Global
	GlobalSection(SolutionConfigurationPlatforms) = preSolution
		Debug|x64 = Debug|x64
		Debug|x86 = Debug|x86
		Release|x64 = Release|x64
		Release|x86 = Release|x86
	EndGlobalSection
	GlobalSection(ProjectConfigurationPlatforms) = postSolution
		{63A4E181-61D3-4F9B-828C-9BEDDD909D22}.Debug|x64.ActiveCfg = Debug|x64
		{63A4E181-61D3-4F9B-828C-9BEDDD909D22}.Debug|x64.Build.0 = Debug|x64
		{63A4E181-61D3-4F9B-828C-9BEDDD909D22}.Debug|x86.ActiveCfg = Debug|Win32
		{63A4E181-61D3-4F9B-828C-9BEDDD909D22}.Debug|x86.Build.0 = Debug|Win32
		{63A4E181-61D3-4F9B-828C-9BEDDD909D22}.Release|x64.ActiveCfg = Release|x64
		{63A4E181-61D3-4F9B-828C-9BEDDD909D22}.Release|x64.Build.0 = Release|x64
		{63A4E181-61D3-4F9B-828C-9BEDDD909D22}.Release|x86.ActiveCfg = Release|Win32
		{63A4E181-61D3-4F9B-828C-9BEDDD909D22}.Release|x86.Build.0 = Release|Win32
	EndGlobalSection
	GlobalSection(SolutionProperties) = preSolution
		HideSolutionNode = FALSE
	EndGlobalSection
	GlobalSection(ExtensibilityGlobals) = postSolution
		SolutionGuid = {FBB42201-B75D-44B5-AC4A-5C9C76AE24CD}
	EndGlobalSection
EndGlobal
